// !$*UTF8*$!
{
	archiveVersion = 1;
	classes = {
	};
	objectVersion = 56;
	objects = {

/* Begin PBXBuildFile section */
		A013B082299C9DD9005A98D1 /* CoreLocation.framework in Frameworks */ = {isa = PBXBuildFile; fileRef = A013B081299C9DD8005A98D1 /* CoreLocation.framework */; };
		A013B084299C9FD2005A98D1 /* MapKit.framework in Frameworks */ = {isa = PBXBuildFile; fileRef = A013B083299C9FD2005A98D1 /* MapKit.framework */; };
		A0142548299C6CB300E86706 /* CoreMotion.framework in Frameworks */ = {isa = PBXBuildFile; fileRef = A0142547299C6CB300E86706 /* CoreMotion.framework */; };
		A014254C299C7D3F00E86706 /* sample1.mp3 in Resources */ = {isa = PBXBuildFile; fileRef = A014254B299C7D3F00E86706 /* sample1.mp3 */; };
		A014254E299C7D9400E86706 /* sample2.mp3 in Resources */ = {isa = PBXBuildFile; fileRef = A014254D299C7D9400E86706 /* sample2.mp3 */; };
		A08DC596299CBBA80043C072 /* MusicWithLocationViewController.swift in Sources */ = {isa = PBXBuildFile; fileRef = A08DC595299CBBA80043C072 /* MusicWithLocationViewController.swift */; };
		A0CB72AC29991DB0003AB1A7 /* AppDelegate.swift in Sources */ = {isa = PBXBuildFile; fileRef = A0CB72AB29991DB0003AB1A7 /* AppDelegate.swift */; };
		A0CB72AE29991DB0003AB1A7 /* SceneDelegate.swift in Sources */ = {isa = PBXBuildFile; fileRef = A0CB72AD29991DB0003AB1A7 /* SceneDelegate.swift */; };
		A0CB72B029991DB0003AB1A7 /* ViewController.swift in Sources */ = {isa = PBXBuildFile; fileRef = A0CB72AF29991DB0003AB1A7 /* ViewController.swift */; };
		A0CB72B329991DB0003AB1A7 /* Main.storyboard in Resources */ = {isa = PBXBuildFile; fileRef = A0CB72B129991DB0003AB1A7 /* Main.storyboard */; };
		A0CB72B529991DB2003AB1A7 /* Assets.xcassets in Resources */ = {isa = PBXBuildFile; fileRef = A0CB72B429991DB2003AB1A7 /* Assets.xcassets */; };
		A0CB72B829991DB2003AB1A7 /* LaunchScreen.storyboard in Resources */ = {isa = PBXBuildFile; fileRef = A0CB72B629991DB2003AB1A7 /* LaunchScreen.storyboard */; };
		A0CB72C329991DB2003AB1A7 /* kopyTests.swift in Sources */ = {isa = PBXBuildFile; fileRef = A0CB72C229991DB2003AB1A7 /* kopyTests.swift */; };
		A0CB72CD29991DB2003AB1A7 /* kopyUITests.swift in Sources */ = {isa = PBXBuildFile; fileRef = A0CB72CC29991DB2003AB1A7 /* kopyUITests.swift */; };
		A0CB72CF29991DB2003AB1A7 /* kopyUITestsLaunchTests.swift in Sources */ = {isa = PBXBuildFile; fileRef = A0CB72CE29991DB2003AB1A7 /* kopyUITestsLaunchTests.swift */; };
		A0CB72DE2999238D003AB1A7 /* AVFoundation.framework in Frameworks */ = {isa = PBXBuildFile; fileRef = A0CB72DC2999237B003AB1A7 /* AVFoundation.framework */; };
/* End PBXBuildFile section */

/* Begin PBXContainerItemProxy section */
		A0CB72BF29991DB2003AB1A7 /* PBXContainerItemProxy */ = {
			isa = PBXContainerItemProxy;
			containerPortal = A0CB72A029991DB0003AB1A7 /* Project object */;
			proxyType = 1;
			remoteGlobalIDString = A0CB72A729991DB0003AB1A7;
			remoteInfo = kopy;
		};
		A0CB72C929991DB2003AB1A7 /* PBXContainerItemProxy */ = {
			isa = PBXContainerItemProxy;
			containerPortal = A0CB72A029991DB0003AB1A7 /* Project object */;
			proxyType = 1;
			remoteGlobalIDString = A0CB72A729991DB0003AB1A7;
			remoteInfo = kopy;
		};
/* End PBXContainerItemProxy section */

/* Begin PBXFileReference section */
		A013B081299C9DD8005A98D1 /* CoreLocation.framework */ = {isa = PBXFileReference; lastKnownFileType = wrapper.framework; name = CoreLocation.framework; path = System/Library/Frameworks/CoreLocation.framework; sourceTree = SDKROOT; };
		A013B083299C9FD2005A98D1 /* MapKit.framework */ = {isa = PBXFileReference; lastKnownFileType = wrapper.framework; name = MapKit.framework; path = System/Library/Frameworks/MapKit.framework; sourceTree = SDKROOT; };
		A0142547299C6CB300E86706 /* CoreMotion.framework */ = {isa = PBXFileReference; lastKnownFileType = wrapper.framework; name = CoreMotion.framework; path = System/Library/Frameworks/CoreMotion.framework; sourceTree = SDKROOT; };
		A014254B299C7D3F00E86706 /* sample1.mp3 */ = {isa = PBXFileReference; lastKnownFileType = audio.mp3; path = sample1.mp3; sourceTree = "<group>"; };
		A014254D299C7D9400E86706 /* sample2.mp3 */ = {isa = PBXFileReference; lastKnownFileType = audio.mp3; path = sample2.mp3; sourceTree = "<group>"; };
		A08DC595299CBBA80043C072 /* MusicWithLocationViewController.swift */ = {isa = PBXFileReference; lastKnownFileType = sourcecode.swift; path = MusicWithLocationViewController.swift; sourceTree = "<group>"; };
		A0CB72A829991DB0003AB1A7 /* hitachi-intern-location.app */ = {isa = PBXFileReference; explicitFileType = wrapper.application; includeInIndex = 0; path = "hitachi-intern-location.app"; sourceTree = BUILT_PRODUCTS_DIR; };
		A0CB72AB29991DB0003AB1A7 /* AppDelegate.swift */ = {isa = PBXFileReference; lastKnownFileType = sourcecode.swift; path = AppDelegate.swift; sourceTree = "<group>"; };
		A0CB72AD29991DB0003AB1A7 /* SceneDelegate.swift */ = {isa = PBXFileReference; lastKnownFileType = sourcecode.swift; path = SceneDelegate.swift; sourceTree = "<group>"; };
		A0CB72AF29991DB0003AB1A7 /* ViewController.swift */ = {isa = PBXFileReference; lastKnownFileType = sourcecode.swift; path = ViewController.swift; sourceTree = "<group>"; };
		A0CB72B229991DB0003AB1A7 /* Base */ = {isa = PBXFileReference; lastKnownFileType = file.storyboard; name = Base; path = Base.lproj/Main.storyboard; sourceTree = "<group>"; };
		A0CB72B429991DB2003AB1A7 /* Assets.xcassets */ = {isa = PBXFileReference; lastKnownFileType = folder.assetcatalog; path = Assets.xcassets; sourceTree = "<group>"; };
		A0CB72B729991DB2003AB1A7 /* Base */ = {isa = PBXFileReference; lastKnownFileType = file.storyboard; name = Base; path = Base.lproj/LaunchScreen.storyboard; sourceTree = "<group>"; };
		A0CB72B929991DB2003AB1A7 /* Info.plist */ = {isa = PBXFileReference; lastKnownFileType = text.plist.xml; path = Info.plist; sourceTree = "<group>"; };
		A0CB72BE29991DB2003AB1A7 /* hitachi-intern-locationTests.xctest */ = {isa = PBXFileReference; explicitFileType = wrapper.cfbundle; includeInIndex = 0; path = "hitachi-intern-locationTests.xctest"; sourceTree = BUILT_PRODUCTS_DIR; };
		A0CB72C229991DB2003AB1A7 /* kopyTests.swift */ = {isa = PBXFileReference; lastKnownFileType = sourcecode.swift; path = kopyTests.swift; sourceTree = "<group>"; };
		A0CB72C829991DB2003AB1A7 /* hitachi-intern-locationUITests.xctest */ = {isa = PBXFileReference; explicitFileType = wrapper.cfbundle; includeInIndex = 0; path = "hitachi-intern-locationUITests.xctest"; sourceTree = BUILT_PRODUCTS_DIR; };
		A0CB72CC29991DB2003AB1A7 /* kopyUITests.swift */ = {isa = PBXFileReference; lastKnownFileType = sourcecode.swift; path = kopyUITests.swift; sourceTree = "<group>"; };
		A0CB72CE29991DB2003AB1A7 /* kopyUITestsLaunchTests.swift */ = {isa = PBXFileReference; lastKnownFileType = sourcecode.swift; path = kopyUITestsLaunchTests.swift; sourceTree = "<group>"; };
		A0CB72DC2999237B003AB1A7 /* AVFoundation.framework */ = {isa = PBXFileReference; lastKnownFileType = wrapper.framework; name = AVFoundation.framework; path = System/Library/Frameworks/AVFoundation.framework; sourceTree = SDKROOT; };
/* End PBXFileReference section */

/* Begin PBXFrameworksBuildPhase section */
		A0CB72A529991DB0003AB1A7 /* Frameworks */ = {
			isa = PBXFrameworksBuildPhase;
			buildActionMask = 2147483647;
			files = (
				A013B082299C9DD9005A98D1 /* CoreLocation.framework in Frameworks */,
				A0CB72DE2999238D003AB1A7 /* AVFoundation.framework in Frameworks */,
				A013B084299C9FD2005A98D1 /* MapKit.framework in Frameworks */,
				A0142548299C6CB300E86706 /* CoreMotion.framework in Frameworks */,
			);
			runOnlyForDeploymentPostprocessing = 0;
		};
		A0CB72BB29991DB2003AB1A7 /* Frameworks */ = {
			isa = PBXFrameworksBuildPhase;
			buildActionMask = 2147483647;
			files = (
			);
			runOnlyForDeploymentPostprocessing = 0;
		};
		A0CB72C529991DB2003AB1A7 /* Frameworks */ = {
			isa = PBXFrameworksBuildPhase;
			buildActionMask = 2147483647;
			files = (
			);
			runOnlyForDeploymentPostprocessing = 0;
		};
/* End PBXFrameworksBuildPhase section */

/* Begin PBXGroup section */
		A0CB729F29991DB0003AB1A7 = {
			isa = PBXGroup;
			children = (
				A0CB72AA29991DB0003AB1A7 /* kopy */,
				A0CB72C129991DB2003AB1A7 /* kopyTests */,
				A0CB72CB29991DB2003AB1A7 /* kopyUITests */,
				A0CB72A929991DB0003AB1A7 /* Products */,
				A0CB72DB2999237B003AB1A7 /* Frameworks */,
			);
			sourceTree = "<group>";
		};
		A0CB72A929991DB0003AB1A7 /* Products */ = {
			isa = PBXGroup;
			children = (
				A0CB72A829991DB0003AB1A7 /* hitachi-intern-location.app */,
				A0CB72BE29991DB2003AB1A7 /* hitachi-intern-locationTests.xctest */,
				A0CB72C829991DB2003AB1A7 /* hitachi-intern-locationUITests.xctest */,
			);
			name = Products;
			sourceTree = "<group>";
		};
		A0CB72AA29991DB0003AB1A7 /* kopy */ = {
			isa = PBXGroup;
			children = (
				A014254B299C7D3F00E86706 /* sample1.mp3 */,
				A014254D299C7D9400E86706 /* sample2.mp3 */,
				A0CB72AB29991DB0003AB1A7 /* AppDelegate.swift */,
				A0CB72AD29991DB0003AB1A7 /* SceneDelegate.swift */,
				A0CB72AF29991DB0003AB1A7 /* ViewController.swift */,
				A0CB72B129991DB0003AB1A7 /* Main.storyboard */,
				A0CB72B429991DB2003AB1A7 /* Assets.xcassets */,
				A0CB72B629991DB2003AB1A7 /* LaunchScreen.storyboard */,
				A0CB72B929991DB2003AB1A7 /* Info.plist */,
				A08DC595299CBBA80043C072 /* MusicWithLocationViewController.swift */,
			);
			path = kopy;
			sourceTree = "<group>";
		};
		A0CB72C129991DB2003AB1A7 /* kopyTests */ = {
			isa = PBXGroup;
			children = (
				A0CB72C229991DB2003AB1A7 /* kopyTests.swift */,
			);
			path = kopyTests;
			sourceTree = "<group>";
		};
		A0CB72CB29991DB2003AB1A7 /* kopyUITests */ = {
			isa = PBXGroup;
			children = (
				A0CB72CC29991DB2003AB1A7 /* kopyUITests.swift */,
				A0CB72CE29991DB2003AB1A7 /* kopyUITestsLaunchTests.swift */,
			);
			path = kopyUITests;
			sourceTree = "<group>";
		};
		A0CB72DB2999237B003AB1A7 /* Frameworks */ = {
			isa = PBXGroup;
			children = (
				A013B083299C9FD2005A98D1 /* MapKit.framework */,
				A013B081299C9DD8005A98D1 /* CoreLocation.framework */,
				A0142547299C6CB300E86706 /* CoreMotion.framework */,
				A0CB72DC2999237B003AB1A7 /* AVFoundation.framework */,
			);
			name = Frameworks;
			sourceTree = "<group>";
		};
/* End PBXGroup section */

/* Begin PBXNativeTarget section */
		A0CB72A729991DB0003AB1A7 /* hitachi-intern-location */ = {
			isa = PBXNativeTarget;
			buildConfigurationList = A0CB72D229991DB2003AB1A7 /* Build configuration list for PBXNativeTarget "hitachi-intern-location" */;
			buildPhases = (
				A0CB72A429991DB0003AB1A7 /* Sources */,
				A0CB72A529991DB0003AB1A7 /* Frameworks */,
				A0CB72A629991DB0003AB1A7 /* Resources */,
			);
			buildRules = (
			);
			dependencies = (
			);
			name = "hitachi-intern-location";
			productName = kopy;
			productReference = A0CB72A829991DB0003AB1A7 /* hitachi-intern-location.app */;
			productType = "com.apple.product-type.application";
		};
		A0CB72BD29991DB2003AB1A7 /* hitachi-intern-locationTests */ = {
			isa = PBXNativeTarget;
			buildConfigurationList = A0CB72D529991DB2003AB1A7 /* Build configuration list for PBXNativeTarget "hitachi-intern-locationTests" */;
			buildPhases = (
				A0CB72BA29991DB2003AB1A7 /* Sources */,
				A0CB72BB29991DB2003AB1A7 /* Frameworks */,
				A0CB72BC29991DB2003AB1A7 /* Resources */,
			);
			buildRules = (
			);
			dependencies = (
				A0CB72C029991DB2003AB1A7 /* PBXTargetDependency */,
			);
			name = "hitachi-intern-locationTests";
			productName = kopyTests;
			productReference = A0CB72BE29991DB2003AB1A7 /* hitachi-intern-locationTests.xctest */;
			productType = "com.apple.product-type.bundle.unit-test";
		};
		A0CB72C729991DB2003AB1A7 /* hitachi-intern-locationUITests */ = {
			isa = PBXNativeTarget;
			buildConfigurationList = A0CB72D829991DB2003AB1A7 /* Build configuration list for PBXNativeTarget "hitachi-intern-locationUITests" */;
			buildPhases = (
				A0CB72C429991DB2003AB1A7 /* Sources */,
				A0CB72C529991DB2003AB1A7 /* Frameworks */,
				A0CB72C629991DB2003AB1A7 /* Resources */,
			);
			buildRules = (
			);
			dependencies = (
				A0CB72CA29991DB2003AB1A7 /* PBXTargetDependency */,
			);
			name = "hitachi-intern-locationUITests";
			productName = kopyUITests;
			productReference = A0CB72C829991DB2003AB1A7 /* hitachi-intern-locationUITests.xctest */;
			productType = "com.apple.product-type.bundle.ui-testing";
		};
/* End PBXNativeTarget section */

/* Begin PBXProject section */
		A0CB72A029991DB0003AB1A7 /* Project object */ = {
			isa = PBXProject;
			attributes = {
				BuildIndependentTargetsInParallel = 1;
				LastSwiftUpdateCheck = 1420;
				LastUpgradeCheck = 1420;
				TargetAttributes = {
					A0CB72A729991DB0003AB1A7 = {
						CreatedOnToolsVersion = 14.2;
					};
					A0CB72BD29991DB2003AB1A7 = {
						CreatedOnToolsVersion = 14.2;
						TestTargetID = A0CB72A729991DB0003AB1A7;
					};
					A0CB72C729991DB2003AB1A7 = {
						CreatedOnToolsVersion = 14.2;
						TestTargetID = A0CB72A729991DB0003AB1A7;
					};
				};
			};
			buildConfigurationList = A0CB72A329991DB0003AB1A7 /* Build configuration list for PBXProject "hitachi-intern-location" */;
			compatibilityVersion = "Xcode 14.0";
			developmentRegion = en;
			hasScannedForEncodings = 0;
			knownRegions = (
				en,
				Base,
			);
			mainGroup = A0CB729F29991DB0003AB1A7;
			productRefGroup = A0CB72A929991DB0003AB1A7 /* Products */;
			projectDirPath = "";
			projectRoot = "";
			targets = (
				A0CB72A729991DB0003AB1A7 /* hitachi-intern-location */,
				A0CB72BD29991DB2003AB1A7 /* hitachi-intern-locationTests */,
				A0CB72C729991DB2003AB1A7 /* hitachi-intern-locationUITests */,
			);
		};
/* End PBXProject section */

/* Begin PBXResourcesBuildPhase section */
		A0CB72A629991DB0003AB1A7 /* Resources */ = {
			isa = PBXResourcesBuildPhase;
			buildActionMask = 2147483647;
			files = (
				A014254C299C7D3F00E86706 /* sample1.mp3 in Resources */,
				A0CB72B829991DB2003AB1A7 /* LaunchScreen.storyboard in Resources */,
				A014254E299C7D9400E86706 /* sample2.mp3 in Resources */,
				A0CB72B529991DB2003AB1A7 /* Assets.xcassets in Resources */,
				A0CB72B329991DB0003AB1A7 /* Main.storyboard in Resources */,
			);
			runOnlyForDeploymentPostprocessing = 0;
		};
		A0CB72BC29991DB2003AB1A7 /* Resources */ = {
			isa = PBXResourcesBuildPhase;
			buildActionMask = 2147483647;
			files = (
			);
			runOnlyForDeploymentPostprocessing = 0;
		};
		A0CB72C629991DB2003AB1A7 /* Resources */ = {
			isa = PBXResourcesBuildPhase;
			buildActionMask = 2147483647;
			files = (
			);
			runOnlyForDeploymentPostprocessing = 0;
		};
/* End PBXResourcesBuildPhase section */

/* Begin PBXSourcesBuildPhase section */
		A0CB72A429991DB0003AB1A7 /* Sources */ = {
			isa = PBXSourcesBuildPhase;
			buildActionMask = 2147483647;
			files = (
				A08DC596299CBBA80043C072 /* MusicWithLocationViewController.swift in Sources */,
				A0CB72B029991DB0003AB1A7 /* ViewController.swift in Sources */,
				A0CB72AC29991DB0003AB1A7 /* AppDelegate.swift in Sources */,
				A0CB72AE29991DB0003AB1A7 /* SceneDelegate.swift in Sources */,
			);
			runOnlyForDeploymentPostprocessing = 0;
		};
		A0CB72BA29991DB2003AB1A7 /* Sources */ = {
			isa = PBXSourcesBuildPhase;
			buildActionMask = 2147483647;
			files = (
				A0CB72C329991DB2003AB1A7 /* kopyTests.swift in Sources */,
			);
			runOnlyForDeploymentPostprocessing = 0;
		};
		A0CB72C429991DB2003AB1A7 /* Sources */ = {
			isa = PBXSourcesBuildPhase;
			buildActionMask = 2147483647;
			files = (
				A0CB72CD29991DB2003AB1A7 /* kopyUITests.swift in Sources */,
				A0CB72CF29991DB2003AB1A7 /* kopyUITestsLaunchTests.swift in Sources */,
			);
			runOnlyForDeploymentPostprocessing = 0;
		};
/* End PBXSourcesBuildPhase section */

/* Begin PBXTargetDependency section */
		A0CB72C029991DB2003AB1A7 /* PBXTargetDependency */ = {
			isa = PBXTargetDependency;
			target = A0CB72A729991DB0003AB1A7 /* hitachi-intern-location */;
			targetProxy = A0CB72BF29991DB2003AB1A7 /* PBXContainerItemProxy */;
		};
		A0CB72CA29991DB2003AB1A7 /* PBXTargetDependency */ = {
			isa = PBXTargetDependency;
			target = A0CB72A729991DB0003AB1A7 /* hitachi-intern-location */;
			targetProxy = A0CB72C929991DB2003AB1A7 /* PBXContainerItemProxy */;
		};
/* End PBXTargetDependency section */

/* Begin PBXVariantGroup section */
		A0CB72B129991DB0003AB1A7 /* Main.storyboard */ = {
			isa = PBXVariantGroup;
			children = (
				A0CB72B229991DB0003AB1A7 /* Base */,
			);
			name = Main.storyboard;
			sourceTree = "<group>";
		};
		A0CB72B629991DB2003AB1A7 /* LaunchScreen.storyboard */ = {
			isa = PBXVariantGroup;
			children = (
				A0CB72B729991DB2003AB1A7 /* Base */,
			);
			name = LaunchScreen.storyboard;
			sourceTree = "<group>";
		};
/* End PBXVariantGroup section */

/* Begin XCBuildConfiguration section */
		A0CB72D029991DB2003AB1A7 /* Debug */ = {
			isa = XCBuildConfiguration;
			buildSettings = {
				ALWAYS_SEARCH_USER_PATHS = NO;
				CLANG_ANALYZER_NONNULL = YES;
				CLANG_ANALYZER_NUMBER_OBJECT_CONVERSION = YES_AGGRESSIVE;
				CLANG_CXX_LANGUAGE_STANDARD = "gnu++20";
				CLANG_ENABLE_MODULES = YES;
				CLANG_ENABLE_OBJC_ARC = YES;
				CLANG_ENABLE_OBJC_WEAK = YES;
				CLANG_WARN_BLOCK_CAPTURE_AUTORELEASING = YES;
				CLANG_WARN_BOOL_CONVERSION = YES;
				CLANG_WARN_COMMA = YES;
				CLANG_WARN_CONSTANT_CONVERSION = YES;
				CLANG_WARN_DEPRECATED_OBJC_IMPLEMENTATIONS = YES;
				CLANG_WARN_DIRECT_OBJC_ISA_USAGE = YES_ERROR;
				CLANG_WARN_DOCUMENTATION_COMMENTS = YES;
				CLANG_WARN_EMPTY_BODY = YES;
				CLANG_WARN_ENUM_CONVERSION = YES;
				CLANG_WARN_INFINITE_RECURSION = YES;
				CLANG_WARN_INT_CONVERSION = YES;
				CLANG_WARN_NON_LITERAL_NULL_CONVERSION = YES;
				CLANG_WARN_OBJC_IMPLICIT_RETAIN_SELF = YES;
				CLANG_WARN_OBJC_LITERAL_CONVERSION = YES;
				CLANG_WARN_OBJC_ROOT_CLASS = YES_ERROR;
				CLANG_WARN_QUOTED_INCLUDE_IN_FRAMEWORK_HEADER = YES;
				CLANG_WARN_RANGE_LOOP_ANALYSIS = YES;
				CLANG_WARN_STRICT_PROTOTYPES = YES;
				CLANG_WARN_SUSPICIOUS_MOVE = YES;
				CLANG_WARN_UNGUARDED_AVAILABILITY = YES_AGGRESSIVE;
				CLANG_WARN_UNREACHABLE_CODE = YES;
				CLANG_WARN__DUPLICATE_METHOD_MATCH = YES;
				COPY_PHASE_STRIP = NO;
				DEBUG_INFORMATION_FORMAT = dwarf;
				ENABLE_STRICT_OBJC_MSGSEND = YES;
				ENABLE_TESTABILITY = YES;
				GCC_C_LANGUAGE_STANDARD = gnu11;
				GCC_DYNAMIC_NO_PIC = NO;
				GCC_NO_COMMON_BLOCKS = YES;
				GCC_OPTIMIZATION_LEVEL = 0;
				GCC_PREPROCESSOR_DEFINITIONS = (
					"DEBUG=1",
					"$(inherited)",
				);
				GCC_WARN_64_TO_32_BIT_CONVERSION = YES;
				GCC_WARN_ABOUT_RETURN_TYPE = YES_ERROR;
				GCC_WARN_UNDECLARED_SELECTOR = YES;
				GCC_WARN_UNINITIALIZED_AUTOS = YES_AGGRESSIVE;
				GCC_WARN_UNUSED_FUNCTION = YES;
				GCC_WARN_UNUSED_VARIABLE = YES;
				IPHONEOS_DEPLOYMENT_TARGET = 16.2;
				MTL_ENABLE_DEBUG_INFO = INCLUDE_SOURCE;
				MTL_FAST_MATH = YES;
				ONLY_ACTIVE_ARCH = YES;
				SDKROOT = iphoneos;
				SWIFT_ACTIVE_COMPILATION_CONDITIONS = DEBUG;
				SWIFT_OPTIMIZATION_LEVEL = "-Onone";
			};
			name = Debug;
		};
		A0CB72D129991DB2003AB1A7 /* Release */ = {
			isa = XCBuildConfiguration;
			buildSettings = {
				ALWAYS_SEARCH_USER_PATHS = NO;
				CLANG_ANALYZER_NONNULL = YES;
				CLANG_ANALYZER_NUMBER_OBJECT_CONVERSION = YES_AGGRESSIVE;
				CLANG_CXX_LANGUAGE_STANDARD = "gnu++20";
				CLANG_ENABLE_MODULES = YES;
				CLANG_ENABLE_OBJC_ARC = YES;
				CLANG_ENABLE_OBJC_WEAK = YES;
				CLANG_WARN_BLOCK_CAPTURE_AUTORELEASING = YES;
				CLANG_WARN_BOOL_CONVERSION = YES;
				CLANG_WARN_COMMA = YES;
				CLANG_WARN_CONSTANT_CONVERSION = YES;
				CLANG_WARN_DEPRECATED_OBJC_IMPLEMENTATIONS = YES;
				CLANG_WARN_DIRECT_OBJC_ISA_USAGE = YES_ERROR;
				CLANG_WARN_DOCUMENTATION_COMMENTS = YES;
				CLANG_WARN_EMPTY_BODY = YES;
				CLANG_WARN_ENUM_CONVERSION = YES;
				CLANG_WARN_INFINITE_RECURSION = YES;
				CLANG_WARN_INT_CONVERSION = YES;
				CLANG_WARN_NON_LITERAL_NULL_CONVERSION = YES;
				CLANG_WARN_OBJC_IMPLICIT_RETAIN_SELF = YES;
				CLANG_WARN_OBJC_LITERAL_CONVERSION = YES;
				CLANG_WARN_OBJC_ROOT_CLASS = YES_ERROR;
				CLANG_WARN_QUOTED_INCLUDE_IN_FRAMEWORK_HEADER = YES;
				CLANG_WARN_RANGE_LOOP_ANALYSIS = YES;
				CLANG_WARN_STRICT_PROTOTYPES = YES;
				CLANG_WARN_SUSPICIOUS_MOVE = YES;
				CLANG_WARN_UNGUARDED_AVAILABILITY = YES_AGGRESSIVE;
				CLANG_WARN_UNREACHABLE_CODE = YES;
				CLANG_WARN__DUPLICATE_METHOD_MATCH = YES;
				COPY_PHASE_STRIP = NO;
				DEBUG_INFORMATION_FORMAT = "dwarf-with-dsym";
				ENABLE_NS_ASSERTIONS = NO;
				ENABLE_STRICT_OBJC_MSGSEND = YES;
				GCC_C_LANGUAGE_STANDARD = gnu11;
				GCC_NO_COMMON_BLOCKS = YES;
				GCC_WARN_64_TO_32_BIT_CONVERSION = YES;
				GCC_WARN_ABOUT_RETURN_TYPE = YES_ERROR;
				GCC_WARN_UNDECLARED_SELECTOR = YES;
				GCC_WARN_UNINITIALIZED_AUTOS = YES_AGGRESSIVE;
				GCC_WARN_UNUSED_FUNCTION = YES;
				GCC_WARN_UNUSED_VARIABLE = YES;
				IPHONEOS_DEPLOYMENT_TARGET = 16.2;
				MTL_ENABLE_DEBUG_INFO = NO;
				MTL_FAST_MATH = YES;
				SDKROOT = iphoneos;
				SWIFT_COMPILATION_MODE = wholemodule;
				SWIFT_OPTIMIZATION_LEVEL = "-O";
				VALIDATE_PRODUCT = YES;
			};
			name = Release;
		};
		A0CB72D329991DB2003AB1A7 /* Debug */ = {
			isa = XCBuildConfiguration;
			buildSettings = {
				ASSETCATALOG_COMPILER_APPICON_NAME = AppIcon;
				ASSETCATALOG_COMPILER_GLOBAL_ACCENT_COLOR_NAME = AccentColor;
				CODE_SIGN_STYLE = Automatic;
				CURRENT_PROJECT_VERSION = 1;
				DEVELOPMENT_TEAM = S2SNYKRD8P;
				GENERATE_INFOPLIST_FILE = YES;
				INFOPLIST_FILE = kopy/Info.plist;
				INFOPLIST_KEY_UIApplicationSupportsIndirectInputEvents = YES;
				INFOPLIST_KEY_UILaunchStoryboardName = LaunchScreen;
				INFOPLIST_KEY_UIMainStoryboardFile = Main;
				INFOPLIST_KEY_UISupportedInterfaceOrientations_iPad = "UIInterfaceOrientationPortrait UIInterfaceOrientationPortraitUpsideDown UIInterfaceOrientationLandscapeLeft UIInterfaceOrientationLandscapeRight";
				INFOPLIST_KEY_UISupportedInterfaceOrientations_iPhone = "UIInterfaceOrientationPortrait UIInterfaceOrientationLandscapeLeft UIInterfaceOrientationLandscapeRight";
				LD_RUNPATH_SEARCH_PATHS = (
					"$(inherited)",
					"@executable_path/Frameworks",
				);
				MARKETING_VERSION = 1.0;
				PRODUCT_BUNDLE_IDENTIFIER = com.hikarumatsunaka.kopy;
				PRODUCT_NAME = "$(TARGET_NAME)";
				SWIFT_EMIT_LOC_STRINGS = YES;
				SWIFT_VERSION = 5.0;
				TARGETED_DEVICE_FAMILY = "1,2";
			};
			name = Debug;
		};
		A0CB72D429991DB2003AB1A7 /* Release */ = {
			isa = XCBuildConfiguration;
			buildSettings = {
				ASSETCATALOG_COMPILER_APPICON_NAME = AppIcon;
				ASSETCATALOG_COMPILER_GLOBAL_ACCENT_COLOR_NAME = AccentColor;
				CODE_SIGN_STYLE = Automatic;
				CURRENT_PROJECT_VERSION = 1;
				DEVELOPMENT_TEAM = S2SNYKRD8P;
				GENERATE_INFOPLIST_FILE = YES;
				INFOPLIST_FILE = kopy/Info.plist;
				INFOPLIST_KEY_UIApplicationSupportsIndirectInputEvents = YES;
				INFOPLIST_KEY_UILaunchStoryboardName = LaunchScreen;
				INFOPLIST_KEY_UIMainStoryboardFile = Main;
				INFOPLIST_KEY_UISupportedInterfaceOrientations_iPad = "UIInterfaceOrientationPortrait UIInterfaceOrientationPortraitUpsideDown UIInterfaceOrientationLandscapeLeft UIInterfaceOrientationLandscapeRight";
				INFOPLIST_KEY_UISupportedInterfaceOrientations_iPhone = "UIInterfaceOrientationPortrait UIInterfaceOrientationLandscapeLeft UIInterfaceOrientationLandscapeRight";
				LD_RUNPATH_SEARCH_PATHS = (
					"$(inherited)",
					"@executable_path/Frameworks",
				);
				MARKETING_VERSION = 1.0;
				PRODUCT_BUNDLE_IDENTIFIER = com.hikarumatsunaka.kopy;
				PRODUCT_NAME = "$(TARGET_NAME)";
				SWIFT_EMIT_LOC_STRINGS = YES;
				SWIFT_VERSION = 5.0;
				TARGETED_DEVICE_FAMILY = "1,2";
			};
			name = Release;
		};
		A0CB72D629991DB2003AB1A7 /* Debug */ = {
			isa = XCBuildConfiguration;
			buildSettings = {
				ALWAYS_EMBED_SWIFT_STANDARD_LIBRARIES = YES;
				BUNDLE_LOADER = "$(TEST_HOST)";
				CODE_SIGN_STYLE = Automatic;
				CURRENT_PROJECT_VERSION = 1;
				DEVELOPMENT_TEAM = S2SNYKRD8P;
				GENERATE_INFOPLIST_FILE = YES;
				IPHONEOS_DEPLOYMENT_TARGET = 16.2;
				MARKETING_VERSION = 1.0;
				PRODUCT_BUNDLE_IDENTIFIER = com.hikarumatsunaka.kopyTests;
				PRODUCT_NAME = "$(TARGET_NAME)";
				SWIFT_EMIT_LOC_STRINGS = NO;
				SWIFT_VERSION = 5.0;
				TARGETED_DEVICE_FAMILY = "1,2";
				TEST_HOST = "$(BUILT_PRODUCTS_DIR)/hitachi-intern-location.app/$(BUNDLE_EXECUTABLE_FOLDER_PATH)/hitachi-intern-location";
			};
			name = Debug;
		};
		A0CB72D729991DB2003AB1A7 /* Release */ = {
			isa = XCBuildConfiguration;
			buildSettings = {
				ALWAYS_EMBED_SWIFT_STANDARD_LIBRARIES = YES;
				BUNDLE_LOADER = "$(TEST_HOST)";
				CODE_SIGN_STYLE = Automatic;
				CURRENT_PROJECT_VERSION = 1;
				DEVELOPMENT_TEAM = S2SNYKRD8P;
				GENERATE_INFOPLIST_FILE = YES;
				IPHONEOS_DEPLOYMENT_TARGET = 16.2;
				MARKETING_VERSION = 1.0;
				PRODUCT_BUNDLE_IDENTIFIER = com.hikarumatsunaka.kopyTests;
				PRODUCT_NAME = "$(TARGET_NAME)";
				SWIFT_EMIT_LOC_STRINGS = NO;
				SWIFT_VERSION = 5.0;
				TARGETED_DEVICE_FAMILY = "1,2";
				TEST_HOST = "$(BUILT_PRODUCTS_DIR)/hitachi-intern-location.app/$(BUNDLE_EXECUTABLE_FOLDER_PATH)/hitachi-intern-location";
			};
			name = Release;
		};
		A0CB72D929991DB2003AB1A7 /* Debug */ = {
			isa = XCBuildConfiguration;
			buildSettings = {
				ALWAYS_EMBED_SWIFT_STANDARD_LIBRARIES = YES;
				CODE_SIGN_STYLE = Automatic;
				CURRENT_PROJECT_VERSION = 1;
				DEVELOPMENT_TEAM = S2SNYKRD8P;
				GENERATE_INFOPLIST_FILE = YES;
				MARKETING_VERSION = 1.0;
				PRODUCT_BUNDLE_IDENTIFIER = com.hikarumatsunaka.kopyUITests;
				PRODUCT_NAME = "$(TARGET_NAME)";
				SWIFT_EMIT_LOC_STRINGS = NO;
				SWIFT_VERSION = 5.0;
				TARGETED_DEVICE_FAMILY = "1,2";
				TEST_TARGET_NAME = kopy;
			};
			name = Debug;
		};
		A0CB72DA29991DB2003AB1A7 /* Release */ = {
			isa = XCBuildConfiguration;
			buildSettings = {
				ALWAYS_EMBED_SWIFT_STANDARD_LIBRARIES = YES;
				CODE_SIGN_STYLE = Automatic;
				CURRENT_PROJECT_VERSION = 1;
				DEVELOPMENT_TEAM = S2SNYKRD8P;
				GENERATE_INFOPLIST_FILE = YES;
				MARKETING_VERSION = 1.0;
				PRODUCT_BUNDLE_IDENTIFIER = com.hikarumatsunaka.kopyUITests;
				PRODUCT_NAME = "$(TARGET_NAME)";
				SWIFT_EMIT_LOC_STRINGS = NO;
				SWIFT_VERSION = 5.0;
				TARGETED_DEVICE_FAMILY = "1,2";
				TEST_TARGET_NAME = kopy;
			};
			name = Release;
		};
/* End XCBuildConfiguration section */

/* Begin XCConfigurationList section */
		A0CB72A329991DB0003AB1A7 /* Build configuration list for PBXProject "hitachi-intern-location" */ = {
			isa = XCConfigurationList;
			buildConfigurations = (
				A0CB72D029991DB2003AB1A7 /* Debug */,
				A0CB72D129991DB2003AB1A7 /* Release */,
			);
			defaultConfigurationIsVisible = 0;
			defaultConfigurationName = Release;
		};
		A0CB72D229991DB2003AB1A7 /* Build configuration list for PBXNativeTarget "hitachi-intern-location" */ = {
			isa = XCConfigurationList;
			buildConfigurations = (
				A0CB72D329991DB2003AB1A7 /* Debug */,
				A0CB72D429991DB2003AB1A7 /* Release */,
			);
			defaultConfigurationIsVisible = 0;
			defaultConfigurationName = Release;
		};
		A0CB72D529991DB2003AB1A7 /* Build configuration list for PBXNativeTarget "hitachi-intern-locationTests" */ = {
			isa = XCConfigurationList;
			buildConfigurations = (
				A0CB72D629991DB2003AB1A7 /* Debug */,
				A0CB72D729991DB2003AB1A7 /* Release */,
			);
			defaultConfigurationIsVisible = 0;
			defaultConfigurationName = Release;
		};
		A0CB72D829991DB2003AB1A7 /* Build configuration list for PBXNativeTarget "hitachi-intern-locationUITests" */ = {
			isa = XCConfigurationList;
			buildConfigurations = (
				A0CB72D929991DB2003AB1A7 /* Debug */,
				A0CB72DA29991DB2003AB1A7 /* Release */,
			);
			defaultConfigurationIsVisible = 0;
			defaultConfigurationName = Release;
		};
/* End XCConfigurationList section */
	};
	rootObject = A0CB72A029991DB0003AB1A7 /* Project object */;
}
